{
  "pins" : [
    {
      "identity" : "swdatamanager",
      "kind" : "remoteSourceControl",
      "location" : "https://github.com/0x3337/SWDataManager",
      "state" : {
        "revision" : "17fb0aac4852d2693900b711e636b983d3a1803b",
        "version" : "0.2.0"
      }
    }
  ],
  "version" : 2
}
