{
  "pins" : [
    {
      "identity" : "swdatamanager",
      "kind" : "remoteSourceControl",
      "location" : "https://github.com/0x3337/SWDataManager",
      "state" : {
        "branch" : "master",
        "revision" : "b9872cd4cea51bbaffbf4bbe91f078fcf267e2c4"
      }
    }
  ],
  "version" : 2
}
